
Microsoft Visual Studio Solution File, Format Version 12.00
# Visual Studio Version 16
VisualStudioVersion = 16.0.30611.23
MinimumVisualStudioVersion = 10.0.40219.1
Project("{8BC9CEB8-8B4A-11D0-8D11-00A0C91BC942}") = "CPP_CLASS_PROJECTS", "CPP_CLASS_PROJECTS.vcxitems", "{B4C42B02-C837-4E8B-863A-DA1CA056772B}"
EndProject
Project("{8BC9CEB8-8B4A-11D0-8D11-00A0C91BC942}") = "CPP_CH15-P123", "CPP_CH15-P123\CPP_CH15-P123.vcxproj", "{FAC68DD3-5F23-4F24-98B5-F4CB2F24B247}"
EndProject
Project("{8BC9CEB8-8B4A-11D0-8D11-00A0C91BC942}") = "CPP_CH17-P1", "CPP_CH17-P1\CPP_CH17-P1.vcxproj", "{B0D4B144-A6D8-42D7-A3A5-9F6E34AD947D}"
EndProject
Project("{8BC9CEB8-8B4A-11D0-8D11-00A0C91BC942}") = "CPP_CH18-P1-2", "CPP_CH18-P1-2\CPP_CH18-P1-2.vcxproj", "{26150725-FCAD-4E63-9A02-80F5C63CFEA0}"
EndProject
Project("{8BC9CEB8-8B4A-11D0-8D11-00A0C91BC942}") = "CPP_CH19-P7", "CPP_CH19-P7\CPP_CH19-P7.vcxproj", "{E5970DB8-571C-43B3-A6DA-F38349D8221D}"
EndProject
Project("{8BC9CEB8-8B4A-11D0-8D11-00A0C91BC942}") = "CPP_CP9_P-1", "CPP_CP9_P-1\CPP_CP9_P-1.vcxproj", "{591CCD71-8C9C-4F87-92F4-0D02235DF317}"
EndProject
Project("{8BC9CEB8-8B4A-11D0-8D11-00A0C91BC942}") = "CPP_CP9_P11", "CPP_CP9_P11\CPP_CP9_P11.vcxproj", "{558D0B9E-4184-4883-8607-9C9BEAD25C1B}"
EndProject
Project("{8BC9CEB8-8B4A-11D0-8D11-00A0C91BC942}") = "CPP_CP13-Employee_Class", "CPP_CP13-Employee_Class\CPP_CP13-Employee_Class.vcxproj", "{AE553545-A563-4B65-9D61-54FD29716625}"
EndProject
Project("{8BC9CEB8-8B4A-11D0-8D11-00A0C91BC942}") = "CPP-CH11-Customer_Accounts", "CPP-CH11-Customer_Accounts\CPP-CH11-Customer_Accounts.vcxproj", "{5AA44D9B-4181-44AE-B349-3EDFD4D9D607}"
EndProject
Project("{8BC9CEB8-8B4A-11D0-8D11-00A0C91BC942}") = "CPP-CH12-Line_Numbers", "CPP-CH12-Line_Numbers\CPP-CH12-Line_Numbers.vcxproj", "{F638B5E6-A079-498F-AA9A-D1E5065268F0}"
EndProject
Project("{8BC9CEB8-8B4A-11D0-8D11-00A0C91BC942}") = "CPP-CH14-P4_5_6", "CPP-CH14-P4_5_6\CPP-CH14-P4_5_6.vcxproj", "{8A9A74DB-5832-46E1-99CD-E7DCAFA2104B}"
EndProject
Project("{8BC9CEB8-8B4A-11D0-8D11-00A0C91BC942}") = "CPP-CH16-P13", "CPP-CH16-P13\CPP-CH16-P13.vcxproj", "{7B03628D-F252-4928-8B96-5F64B9D68BD8}"
EndProject
Project("{8BC9CEB8-8B4A-11D0-8D11-00A0C91BC942}") = "CPP-CP10-P6", "CPP-CP10-P6\CPP-CP10-P6.vcxproj", "{9AD36F3B-765F-489F-8666-73C1842BCCEE}"
EndProject
Global
	GlobalSection(SolutionConfigurationPlatforms) = preSolution
		Debug|x64 = Debug|x64
		Debug|x86 = Debug|x86
		Release|x64 = Release|x64
		Release|x86 = Release|x86
	EndGlobalSection
	GlobalSection(ProjectConfigurationPlatforms) = postSolution
		{FAC68DD3-5F23-4F24-98B5-F4CB2F24B247}.Debug|x64.ActiveCfg = Debug|x64
		{FAC68DD3-5F23-4F24-98B5-F4CB2F24B247}.Debug|x64.Build.0 = Debug|x64
		{FAC68DD3-5F23-4F24-98B5-F4CB2F24B247}.Debug|x86.ActiveCfg = Debug|Win32
		{FAC68DD3-5F23-4F24-98B5-F4CB2F24B247}.Debug|x86.Build.0 = Debug|Win32
		{FAC68DD3-5F23-4F24-98B5-F4CB2F24B247}.Release|x64.ActiveCfg = Release|x64
		{FAC68DD3-5F23-4F24-98B5-F4CB2F24B247}.Release|x64.Build.0 = Release|x64
		{FAC68DD3-5F23-4F24-98B5-F4CB2F24B247}.Release|x86.ActiveCfg = Release|Win32
		{FAC68DD3-5F23-4F24-98B5-F4CB2F24B247}.Release|x86.Build.0 = Release|Win32
		{B0D4B144-A6D8-42D7-A3A5-9F6E34AD947D}.Debug|x64.ActiveCfg = Debug|x64
		{B0D4B144-A6D8-42D7-A3A5-9F6E34AD947D}.Debug|x64.Build.0 = Debug|x64
		{B0D4B144-A6D8-42D7-A3A5-9F6E34AD947D}.Debug|x86.ActiveCfg = Debug|Win32
		{B0D4B144-A6D8-42D7-A3A5-9F6E34AD947D}.Debug|x86.Build.0 = Debug|Win32
		{B0D4B144-A6D8-42D7-A3A5-9F6E34AD947D}.Release|x64.ActiveCfg = Release|x64
		{B0D4B144-A6D8-42D7-A3A5-9F6E34AD947D}.Release|x64.Build.0 = Release|x64
		{B0D4B144-A6D8-42D7-A3A5-9F6E34AD947D}.Release|x86.ActiveCfg = Release|Win32
		{B0D4B144-A6D8-42D7-A3A5-9F6E34AD947D}.Release|x86.Build.0 = Release|Win32
		{26150725-FCAD-4E63-9A02-80F5C63CFEA0}.Debug|x64.ActiveCfg = Debug|x64
		{26150725-FCAD-4E63-9A02-80F5C63CFEA0}.Debug|x64.Build.0 = Debug|x64
		{26150725-FCAD-4E63-9A02-80F5C63CFEA0}.Debug|x86.ActiveCfg = Debug|Win32
		{26150725-FCAD-4E63-9A02-80F5C63CFEA0}.Debug|x86.Build.0 = Debug|Win32
		{26150725-FCAD-4E63-9A02-80F5C63CFEA0}.Release|x64.ActiveCfg = Release|x64
		{26150725-FCAD-4E63-9A02-80F5C63CFEA0}.Release|x64.Build.0 = Release|x64
		{26150725-FCAD-4E63-9A02-80F5C63CFEA0}.Release|x86.ActiveCfg = Release|Win32
		{26150725-FCAD-4E63-9A02-80F5C63CFEA0}.Release|x86.Build.0 = Release|Win32
		{E5970DB8-571C-43B3-A6DA-F38349D8221D}.Debug|x64.ActiveCfg = Debug|x64
		{E5970DB8-571C-43B3-A6DA-F38349D8221D}.Debug|x64.Build.0 = Debug|x64
		{E5970DB8-571C-43B3-A6DA-F38349D8221D}.Debug|x86.ActiveCfg = Debug|Win32
		{E5970DB8-571C-43B3-A6DA-F38349D8221D}.Debug|x86.Build.0 = Debug|Win32
		{E5970DB8-571C-43B3-A6DA-F38349D8221D}.Release|x64.ActiveCfg = Release|x64
		{E5970DB8-571C-43B3-A6DA-F38349D8221D}.Release|x64.Build.0 = Release|x64
		{E5970DB8-571C-43B3-A6DA-F38349D8221D}.Release|x86.ActiveCfg = Release|Win32
		{E5970DB8-571C-43B3-A6DA-F38349D8221D}.Release|x86.Build.0 = Release|Win32
		{591CCD71-8C9C-4F87-92F4-0D02235DF317}.Debug|x64.ActiveCfg = Debug|x64
		{591CCD71-8C9C-4F87-92F4-0D02235DF317}.Debug|x64.Build.0 = Debug|x64
		{591CCD71-8C9C-4F87-92F4-0D02235DF317}.Debug|x86.ActiveCfg = Debug|Win32
		{591CCD71-8C9C-4F87-92F4-0D02235DF317}.Debug|x86.Build.0 = Debug|Win32
		{591CCD71-8C9C-4F87-92F4-0D02235DF317}.Release|x64.ActiveCfg = Release|x64
		{591CCD71-8C9C-4F87-92F4-0D02235DF317}.Release|x64.Build.0 = Release|x64
		{591CCD71-8C9C-4F87-92F4-0D02235DF317}.Release|x86.ActiveCfg = Release|Win32
		{591CCD71-8C9C-4F87-92F4-0D02235DF317}.Release|x86.Build.0 = Release|Win32
		{558D0B9E-4184-4883-8607-9C9BEAD25C1B}.Debug|x64.ActiveCfg = Debug|x64
		{558D0B9E-4184-4883-8607-9C9BEAD25C1B}.Debug|x64.Build.0 = Debug|x64
		{558D0B9E-4184-4883-8607-9C9BEAD25C1B}.Debug|x86.ActiveCfg = Debug|Win32
		{558D0B9E-4184-4883-8607-9C9BEAD25C1B}.Debug|x86.Build.0 = Debug|Win32
		{558D0B9E-4184-4883-8607-9C9BEAD25C1B}.Release|x64.ActiveCfg = Release|x64
		{558D0B9E-4184-4883-8607-9C9BEAD25C1B}.Release|x64.Build.0 = Release|x64
		{558D0B9E-4184-4883-8607-9C9BEAD25C1B}.Release|x86.ActiveCfg = Release|Win32
		{558D0B9E-4184-4883-8607-9C9BEAD25C1B}.Release|x86.Build.0 = Release|Win32
		{AE553545-A563-4B65-9D61-54FD29716625}.Debug|x64.ActiveCfg = Debug|x64
		{AE553545-A563-4B65-9D61-54FD29716625}.Debug|x64.Build.0 = Debug|x64
		{AE553545-A563-4B65-9D61-54FD29716625}.Debug|x86.ActiveCfg = Debug|Win32
		{AE553545-A563-4B65-9D61-54FD29716625}.Debug|x86.Build.0 = Debug|Win32
		{AE553545-A563-4B65-9D61-54FD29716625}.Release|x64.ActiveCfg = Release|x64
		{AE553545-A563-4B65-9D61-54FD29716625}.Release|x64.Build.0 = Release|x64
		{AE553545-A563-4B65-9D61-54FD29716625}.Release|x86.ActiveCfg = Release|Win32
		{AE553545-A563-4B65-9D61-54FD29716625}.Release|x86.Build.0 = Release|Win32
		{5AA44D9B-4181-44AE-B349-3EDFD4D9D607}.Debug|x64.ActiveCfg = Debug|x64
		{5AA44D9B-4181-44AE-B349-3EDFD4D9D607}.Debug|x64.Build.0 = Debug|x64
		{5AA44D9B-4181-44AE-B349-3EDFD4D9D607}.Debug|x86.ActiveCfg = Debug|Win32
		{5AA44D9B-4181-44AE-B349-3EDFD4D9D607}.Debug|x86.Build.0 = Debug|Win32
		{5AA44D9B-4181-44AE-B349-3EDFD4D9D607}.Release|x64.ActiveCfg = Release|x64
		{5AA44D9B-4181-44AE-B349-3EDFD4D9D607}.Release|x64.Build.0 = Release|x64
		{5AA44D9B-4181-44AE-B349-3EDFD4D9D607}.Release|x86.ActiveCfg = Release|Win32
		{5AA44D9B-4181-44AE-B349-3EDFD4D9D607}.Release|x86.Build.0 = Release|Win32
		{F638B5E6-A079-498F-AA9A-D1E5065268F0}.Debug|x64.ActiveCfg = Debug|x64
		{F638B5E6-A079-498F-AA9A-D1E5065268F0}.Debug|x64.Build.0 = Debug|x64
		{F638B5E6-A079-498F-AA9A-D1E5065268F0}.Debug|x86.ActiveCfg = Debug|Win32
		{F638B5E6-A079-498F-AA9A-D1E5065268F0}.Debug|x86.Build.0 = Debug|Win32
		{F638B5E6-A079-498F-AA9A-D1E5065268F0}.Release|x64.ActiveCfg = Release|x64
		{F638B5E6-A079-498F-AA9A-D1E5065268F0}.Release|x64.Build.0 = Release|x64
		{F638B5E6-A079-498F-AA9A-D1E5065268F0}.Release|x86.ActiveCfg = Release|Win32
		{F638B5E6-A079-498F-AA9A-D1E5065268F0}.Release|x86.Build.0 = Release|Win32
		{8A9A74DB-5832-46E1-99CD-E7DCAFA2104B}.Debug|x64.ActiveCfg = Debug|x64
		{8A9A74DB-5832-46E1-99CD-E7DCAFA2104B}.Debug|x64.Build.0 = Debug|x64
		{8A9A74DB-5832-46E1-99CD-E7DCAFA2104B}.Debug|x86.ActiveCfg = Debug|Win32
		{8A9A74DB-5832-46E1-99CD-E7DCAFA2104B}.Debug|x86.Build.0 = Debug|Win32
		{8A9A74DB-5832-46E1-99CD-E7DCAFA2104B}.Release|x64.ActiveCfg = Release|x64
		{8A9A74DB-5832-46E1-99CD-E7DCAFA2104B}.Release|x64.Build.0 = Release|x64
		{8A9A74DB-5832-46E1-99CD-E7DCAFA2104B}.Release|x86.ActiveCfg = Release|Win32
		{8A9A74DB-5832-46E1-99CD-E7DCAFA2104B}.Release|x86.Build.0 = Release|Win32
		{7B03628D-F252-4928-8B96-5F64B9D68BD8}.Debug|x64.ActiveCfg = Debug|x64
		{7B03628D-F252-4928-8B96-5F64B9D68BD8}.Debug|x64.Build.0 = Debug|x64
		{7B03628D-F252-4928-8B96-5F64B9D68BD8}.Debug|x86.ActiveCfg = Debug|Win32
		{7B03628D-F252-4928-8B96-5F64B9D68BD8}.Debug|x86.Build.0 = Debug|Win32
		{7B03628D-F252-4928-8B96-5F64B9D68BD8}.Release|x64.ActiveCfg = Release|x64
		{7B03628D-F252-4928-8B96-5F64B9D68BD8}.Release|x64.Build.0 = Release|x64
		{7B03628D-F252-4928-8B96-5F64B9D68BD8}.Release|x86.ActiveCfg = Release|Win32
		{7B03628D-F252-4928-8B96-5F64B9D68BD8}.Release|x86.Build.0 = Release|Win32
		{9AD36F3B-765F-489F-8666-73C1842BCCEE}.Debug|x64.ActiveCfg = Debug|x64
		{9AD36F3B-765F-489F-8666-73C1842BCCEE}.Debug|x64.Build.0 = Debug|x64
		{9AD36F3B-765F-489F-8666-73C1842BCCEE}.Debug|x86.ActiveCfg = Debug|Win32
		{9AD36F3B-765F-489F-8666-73C1842BCCEE}.Debug|x86.Build.0 = Debug|Win32
		{9AD36F3B-765F-489F-8666-73C1842BCCEE}.Release|x64.ActiveCfg = Release|x64
		{9AD36F3B-765F-489F-8666-73C1842BCCEE}.Release|x64.Build.0 = Release|x64
		{9AD36F3B-765F-489F-8666-73C1842BCCEE}.Release|x86.ActiveCfg = Release|Win32
		{9AD36F3B-765F-489F-8666-73C1842BCCEE}.Release|x86.Build.0 = Release|Win32
	EndGlobalSection
	GlobalSection(SolutionProperties) = preSolution
		HideSolutionNode = FALSE
	EndGlobalSection
	GlobalSection(ExtensibilityGlobals) = postSolution
		SolutionGuid = {11B3ED3E-6F65-4FC5-A111-EEB2CF5EB2A2}
	EndGlobalSection
EndGlobal
