
Microsoft Visual Studio Solution File, Format Version 12.00
# Visual Studio Version 16
VisualStudioVersion = 16.0.29905.134
MinimumVisualStudioVersion = 10.0.40219.1
Project("{8BC9CEB8-8B4A-11D0-8D11-00A0C91BC942}") = "CPP-CP10-P6", "CPP-CP10-P6.vcxproj", "{9AD36F3B-765F-489F-8666-73C1842BCCEE}"
EndProject
Global
	GlobalSection(SolutionConfigurationPlatforms) = preSolution
		Debug|x64 = Debug|x64
		Debug|x86 = Debug|x86
		Release|x64 = Release|x64
		Release|x86 = Release|x86
	EndGlobalSection
	GlobalSection(ProjectConfigurationPlatforms) = postSolution
		{9AD36F3B-765F-489F-8666-73C1842BCCEE}.Debug|x64.ActiveCfg = Debug|x64
		{9AD36F3B-765F-489F-8666-73C1842BCCEE}.Debug|x64.Build.0 = Debug|x64
		{9AD36F3B-765F-489F-8666-73C1842BCCEE}.Debug|x86.ActiveCfg = Debug|Win32
		{9AD36F3B-765F-489F-8666-73C1842BCCEE}.Debug|x86.Build.0 = Debug|Win32
		{9AD36F3B-765F-489F-8666-73C1842BCCEE}.Release|x64.ActiveCfg = Release|x64
		{9AD36F3B-765F-489F-8666-73C1842BCCEE}.Release|x64.Build.0 = Release|x64
		{9AD36F3B-765F-489F-8666-73C1842BCCEE}.Release|x86.ActiveCfg = Release|Win32
		{9AD36F3B-765F-489F-8666-73C1842BCCEE}.Release|x86.Build.0 = Release|Win32
	EndGlobalSection
	GlobalSection(SolutionProperties) = preSolution
		HideSolutionNode = FALSE
	EndGlobalSection
	GlobalSection(ExtensibilityGlobals) = postSolution
		SolutionGuid = {6F44FD9D-A0E5-4509-A3EC-63B7DA083135}
	EndGlobalSection
EndGlobal
